
Microsoft Visual Studio Solution File, Format Version 12.00
# Visual Studio Version 17
VisualStudioVersion = 17.11.35312.102
MinimumVisualStudioVersion = 10.0.40219.1
Project("{9A19103F-16F7-4668-BE54-9A1E7A4F7556}") = "WebApplication2", "WebApplication2\WebApplication2.csproj", "{7BA72944-23C3-44E5-BE6F-74B44DA2A1EB}"
EndProject
Project("{E53339B2-1760-4266-BCC7-CA923CBCF16C}") = "docker-compose", "docker-compose.dcproj", "{7FB56484-4998-446B-B8FC-8470C8336271}"
EndProject
Project("{FAE04EC0-301F-11D3-BF4B-00C04F79EFBC}") = "ClientTest3", "ClientTest3\ClientTest3.csproj", "{C4D2486F-2411-4642-BD3B-114D84C9C2CE}"
EndProject
Global
	GlobalSection(SolutionConfigurationPlatforms) = preSolution
		Debug|Any CPU = Debug|Any CPU
		Release|Any CPU = Release|Any CPU
	EndGlobalSection
	GlobalSection(ProjectConfigurationPlatforms) = postSolution
		{7BA72944-23C3-44E5-BE6F-74B44DA2A1EB}.Debug|Any CPU.ActiveCfg = Debug|Any CPU
		{7BA72944-23C3-44E5-BE6F-74B44DA2A1EB}.Debug|Any CPU.Build.0 = Debug|Any CPU
		{7BA72944-23C3-44E5-BE6F-74B44DA2A1EB}.Release|Any CPU.ActiveCfg = Release|Any CPU
		{7BA72944-23C3-44E5-BE6F-74B44DA2A1EB}.Release|Any CPU.Build.0 = Release|Any CPU
		{7FB56484-4998-446B-B8FC-8470C8336271}.Debug|Any CPU.ActiveCfg = Debug|Any CPU
		{7FB56484-4998-446B-B8FC-8470C8336271}.Debug|Any CPU.Build.0 = Debug|Any CPU
		{7FB56484-4998-446B-B8FC-8470C8336271}.Release|Any CPU.ActiveCfg = Release|Any CPU
		{7FB56484-4998-446B-B8FC-8470C8336271}.Release|Any CPU.Build.0 = Release|Any CPU
		{C4D2486F-2411-4642-BD3B-114D84C9C2CE}.Debug|Any CPU.ActiveCfg = Debug|Any CPU
		{C4D2486F-2411-4642-BD3B-114D84C9C2CE}.Debug|Any CPU.Build.0 = Debug|Any CPU
		{C4D2486F-2411-4642-BD3B-114D84C9C2CE}.Release|Any CPU.ActiveCfg = Release|Any CPU
		{C4D2486F-2411-4642-BD3B-114D84C9C2CE}.Release|Any CPU.Build.0 = Release|Any CPU
	EndGlobalSection
	GlobalSection(SolutionProperties) = preSolution
		HideSolutionNode = FALSE
	EndGlobalSection
	GlobalSection(ExtensibilityGlobals) = postSolution
		SolutionGuid = {40493613-9B67-4F9B-8A93-DB97E9C55192}
	EndGlobalSection
EndGlobal
